
Microsoft Visual Studio Solution File, Format Version 12.00
# Visual Studio Version 17
VisualStudioVersion = 17.13.36105.23 d17.13
MinimumVisualStudioVersion = 10.0.40219.1
Project("{FAE04EC0-301F-11D3-BF4B-00C04F79EFBC}") = "DriverFinder", "DriverFinder\DriverFinder.csproj", "{B4049C55-F18F-4377-9E34-1D31CCEDD966}"
EndProject
Global
	GlobalSection(SolutionConfigurationPlatforms) = preSolution
		Debug|Any CPU = Debug|Any CPU
		Release|Any CPU = Release|Any CPU
	EndGlobalSection
	GlobalSection(ProjectConfigurationPlatforms) = postSolution
		{B4049C55-F18F-4377-9E34-1D31CCEDD966}.Debug|Any CPU.ActiveCfg = Debug|Any CPU
		{B4049C55-F18F-4377-9E34-1D31CCEDD966}.Debug|Any CPU.Build.0 = Debug|Any CPU
		{B4049C55-F18F-4377-9E34-1D31CCEDD966}.Release|Any CPU.ActiveCfg = Release|Any CPU
		{B4049C55-F18F-4377-9E34-1D31CCEDD966}.Release|Any CPU.Build.0 = Release|Any CPU
	EndGlobalSection
	GlobalSection(SolutionProperties) = preSolution
		HideSolutionNode = FALSE
	EndGlobalSection
	GlobalSection(ExtensibilityGlobals) = postSolution
		SolutionGuid = {305047A5-41FC-49E1-87E6-B0EAE65CBE94}
	EndGlobalSection
EndGlobal
